
Microsoft Visual Studio Solution File, Format Version 12.00
# Visual Studio Version 16
VisualStudioVersion = 16.0.32901.82
MinimumVisualStudioVersion = 10.0.40219.1
Project("{FAE04EC0-301F-11D3-BF4B-00C04F79EFBC}") = "NmSpace", "NmSpace\NmSpace.csproj", "{AD0A6225-906C-4692-830A-08037E421E67}"
EndProject
Global
	GlobalSection(SolutionConfigurationPlatforms) = preSolution
		Debug|Any CPU = Debug|Any CPU
		Release|Any CPU = Release|Any CPU
	EndGlobalSection
	GlobalSection(ProjectConfigurationPlatforms) = postSolution
		{AD0A6225-906C-4692-830A-08037E421E67}.Debug|Any CPU.ActiveCfg = Debug|Any CPU
		{AD0A6225-906C-4692-830A-08037E421E67}.Debug|Any CPU.Build.0 = Debug|Any CPU
		{AD0A6225-906C-4692-830A-08037E421E67}.Release|Any CPU.ActiveCfg = Release|Any CPU
		{AD0A6225-906C-4692-830A-08037E421E67}.Release|Any CPU.Build.0 = Release|Any CPU
	EndGlobalSection
	GlobalSection(SolutionProperties) = preSolution
		HideSolutionNode = FALSE
	EndGlobalSection
	GlobalSection(ExtensibilityGlobals) = postSolution
		SolutionGuid = {5C45DF7E-6C57-4088-B854-C31FB74D4DF4}
	EndGlobalSection
EndGlobal
