
Microsoft Visual Studio Solution File, Format Version 12.00
# Visual Studio Version 16
VisualStudioVersion = 16.0.28803.202
MinimumVisualStudioVersion = 10.0.40219.1
Project("{9A19103F-16F7-4668-BE54-9A1E7A4F7556}") = "Yield", "Yield.csproj", "{0D8AB4B9-C8F5-42A8-90D4-4DE69F216793}"
EndProject
Global
	GlobalSection(SolutionConfigurationPlatforms) = preSolution
		Debug|Any CPU = Debug|Any CPU
		Release|Any CPU = Release|Any CPU
	EndGlobalSection
	GlobalSection(ProjectConfigurationPlatforms) = postSolution
		{0D8AB4B9-C8F5-42A8-90D4-4DE69F216793}.Debug|Any CPU.ActiveCfg = Debug|Any CPU
		{0D8AB4B9-C8F5-42A8-90D4-4DE69F216793}.Debug|Any CPU.Build.0 = Debug|Any CPU
		{0D8AB4B9-C8F5-42A8-90D4-4DE69F216793}.Release|Any CPU.ActiveCfg = Release|Any CPU
		{0D8AB4B9-C8F5-42A8-90D4-4DE69F216793}.Release|Any CPU.Build.0 = Release|Any CPU
	EndGlobalSection
	GlobalSection(SolutionProperties) = preSolution
		HideSolutionNode = FALSE
	EndGlobalSection
	GlobalSection(ExtensibilityGlobals) = postSolution
		SolutionGuid = {D0353A04-AFD1-4C19-BEEC-2345B6B4C681}
	EndGlobalSection
EndGlobal
