
Microsoft Visual Studio Solution File, Format Version 12.00
# Visual Studio Version 16
VisualStudioVersion = 16.0.32901.82
MinimumVisualStudioVersion = 10.0.40219.1
Project("{FAE04EC0-301F-11D3-BF4B-00C04F79EFBC}") = "Closure", "Closure\Closure.csproj", "{58A7CD6B-5C7A-40E6-800C-8C8C54026D62}"
EndProject
Global
	GlobalSection(SolutionConfigurationPlatforms) = preSolution
		Debug|Any CPU = Debug|Any CPU
		Release|Any CPU = Release|Any CPU
	EndGlobalSection
	GlobalSection(ProjectConfigurationPlatforms) = postSolution
		{58A7CD6B-5C7A-40E6-800C-8C8C54026D62}.Debug|Any CPU.ActiveCfg = Debug|Any CPU
		{58A7CD6B-5C7A-40E6-800C-8C8C54026D62}.Debug|Any CPU.Build.0 = Debug|Any CPU
		{58A7CD6B-5C7A-40E6-800C-8C8C54026D62}.Release|Any CPU.ActiveCfg = Release|Any CPU
		{58A7CD6B-5C7A-40E6-800C-8C8C54026D62}.Release|Any CPU.Build.0 = Release|Any CPU
	EndGlobalSection
	GlobalSection(SolutionProperties) = preSolution
		HideSolutionNode = FALSE
	EndGlobalSection
	GlobalSection(ExtensibilityGlobals) = postSolution
		SolutionGuid = {C7FA0ACC-D5F4-4CA2-BEEA-DA5666D76D53}
	EndGlobalSection
EndGlobal
