
Microsoft Visual Studio Solution File, Format Version 12.00
# Visual Studio Version 16
VisualStudioVersion = 16.0.28803.202
MinimumVisualStudioVersion = 10.0.40219.1
Project("{9A19103F-16F7-4668-BE54-9A1E7A4F7556}") = "DelegateAction", "DelegateAction.csproj", "{C20D0ACA-3CEE-4B5A-92C9-5DD530D1502B}"
EndProject
Global
	GlobalSection(SolutionConfigurationPlatforms) = preSolution
		Debug|Any CPU = Debug|Any CPU
		Release|Any CPU = Release|Any CPU
	EndGlobalSection
	GlobalSection(ProjectConfigurationPlatforms) = postSolution
		{C20D0ACA-3CEE-4B5A-92C9-5DD530D1502B}.Debug|Any CPU.ActiveCfg = Debug|Any CPU
		{C20D0ACA-3CEE-4B5A-92C9-5DD530D1502B}.Debug|Any CPU.Build.0 = Debug|Any CPU
		{C20D0ACA-3CEE-4B5A-92C9-5DD530D1502B}.Release|Any CPU.ActiveCfg = Release|Any CPU
		{C20D0ACA-3CEE-4B5A-92C9-5DD530D1502B}.Release|Any CPU.Build.0 = Release|Any CPU
	EndGlobalSection
	GlobalSection(SolutionProperties) = preSolution
		HideSolutionNode = FALSE
	EndGlobalSection
	GlobalSection(ExtensibilityGlobals) = postSolution
		SolutionGuid = {AB5C2508-DB51-4B73-B327-D7B0049F8E2B}
	EndGlobalSection
EndGlobal
